
Microsoft Visual Studio Solution File, Format Version 12.00
# Visual Studio Version 17
VisualStudioVersion = 17.7.34018.315
MinimumVisualStudioVersion = 10.0.40219.1
Project("{FAE04EC0-301F-11D3-BF4B-00C04F79EFBC}") = "4M_07_Memory1", "4M_07_Memory1\4M_07_Memory1.csproj", "{736FCC0B-F12C-47BD-A04A-C54E21BF7859}"
EndProject
Global
	GlobalSection(SolutionConfigurationPlatforms) = preSolution
		Debug|Any CPU = Debug|Any CPU
		Release|Any CPU = Release|Any CPU
	EndGlobalSection
	GlobalSection(ProjectConfigurationPlatforms) = postSolution
		{736FCC0B-F12C-47BD-A04A-C54E21BF7859}.Debug|Any CPU.ActiveCfg = Debug|Any CPU
		{736FCC0B-F12C-47BD-A04A-C54E21BF7859}.Debug|Any CPU.Build.0 = Debug|Any CPU
		{736FCC0B-F12C-47BD-A04A-C54E21BF7859}.Debug|Any CPU.Deploy.0 = Debug|Any CPU
		{736FCC0B-F12C-47BD-A04A-C54E21BF7859}.Release|Any CPU.ActiveCfg = Release|Any CPU
		{736FCC0B-F12C-47BD-A04A-C54E21BF7859}.Release|Any CPU.Build.0 = Release|Any CPU
		{736FCC0B-F12C-47BD-A04A-C54E21BF7859}.Release|Any CPU.Deploy.0 = Release|Any CPU
	EndGlobalSection
	GlobalSection(SolutionProperties) = preSolution
		HideSolutionNode = FALSE
	EndGlobalSection
	GlobalSection(ExtensibilityGlobals) = postSolution
		SolutionGuid = {76F36019-DC34-4845-B1C6-346845976F5F}
	EndGlobalSection
EndGlobal
